
Microsoft Visual Studio Solution File, Format Version 12.00
# Visual Studio Version 16
VisualStudioVersion = 16.0.31105.61
MinimumVisualStudioVersion = 10.0.40219.1
Project("{FAE04EC0-301F-11D3-BF4B-00C04F79EFBC}") = "MyHashTable", "MyHashTable\MyHashTable.csproj", "{EA12401B-3E7A-4D1A-9A86-B29FCFF35773}"
EndProject
Global
	GlobalSection(SolutionConfigurationPlatforms) = preSolution
		Debug|Any CPU = Debug|Any CPU
		Release|Any CPU = Release|Any CPU
	EndGlobalSection
	GlobalSection(ProjectConfigurationPlatforms) = postSolution
		{EA12401B-3E7A-4D1A-9A86-B29FCFF35773}.Debug|Any CPU.ActiveCfg = Debug|Any CPU
		{EA12401B-3E7A-4D1A-9A86-B29FCFF35773}.Debug|Any CPU.Build.0 = Debug|Any CPU
		{EA12401B-3E7A-4D1A-9A86-B29FCFF35773}.Release|Any CPU.ActiveCfg = Release|Any CPU
		{EA12401B-3E7A-4D1A-9A86-B29FCFF35773}.Release|Any CPU.Build.0 = Release|Any CPU
	EndGlobalSection
	GlobalSection(SolutionProperties) = preSolution
		HideSolutionNode = FALSE
	EndGlobalSection
	GlobalSection(ExtensibilityGlobals) = postSolution
		SolutionGuid = {C56A438B-030B-4D4B-8DC4-76D67EE85A59}
	EndGlobalSection
EndGlobal
